
Microsoft Visual Studio Solution File, Format Version 12.00
# Visual Studio Version 17
VisualStudioVersion = 17.12.35521.163
MinimumVisualStudioVersion = 10.0.40219.1
Project("{FAE04EC0-301F-11D3-BF4B-00C04F79EFBC}") = "RecipeMeal.API", "RecipeMeal\RecipeMeal.API.csproj", "{2853CCD3-1F27-4694-9A0C-6BB5970C6C49}"
EndProject
Project("{FAE04EC0-301F-11D3-BF4B-00C04F79EFBC}") = "RecipeMeal.Core", "RecipeMeal.Core\RecipeMeal.Core.csproj", "{B0731C70-12DA-48B3-96C8-F3EB339FFD39}"
EndProject
Project("{FAE04EC0-301F-11D3-BF4B-00C04F79EFBC}") = "RecipeMeal.Infrastructure", "RecipeMeal.Infrastructure\RecipeMeal.Infrastructure.csproj", "{368C09B4-5CF3-4F51-BF9A-404F69DCD114}"
EndProject
Global
	GlobalSection(SolutionConfigurationPlatforms) = preSolution
		Debug|Any CPU = Debug|Any CPU
		Release|Any CPU = Release|Any CPU
	EndGlobalSection
	GlobalSection(ProjectConfigurationPlatforms) = postSolution
		{2853CCD3-1F27-4694-9A0C-6BB5970C6C49}.Debug|Any CPU.ActiveCfg = Debug|Any CPU
		{2853CCD3-1F27-4694-9A0C-6BB5970C6C49}.Debug|Any CPU.Build.0 = Debug|Any CPU
		{2853CCD3-1F27-4694-9A0C-6BB5970C6C49}.Release|Any CPU.ActiveCfg = Release|Any CPU
		{2853CCD3-1F27-4694-9A0C-6BB5970C6C49}.Release|Any CPU.Build.0 = Release|Any CPU
		{B0731C70-12DA-48B3-96C8-F3EB339FFD39}.Debug|Any CPU.ActiveCfg = Debug|Any CPU
		{B0731C70-12DA-48B3-96C8-F3EB339FFD39}.Debug|Any CPU.Build.0 = Debug|Any CPU
		{B0731C70-12DA-48B3-96C8-F3EB339FFD39}.Release|Any CPU.ActiveCfg = Release|Any CPU
		{B0731C70-12DA-48B3-96C8-F3EB339FFD39}.Release|Any CPU.Build.0 = Release|Any CPU
		{368C09B4-5CF3-4F51-BF9A-404F69DCD114}.Debug|Any CPU.ActiveCfg = Debug|Any CPU
		{368C09B4-5CF3-4F51-BF9A-404F69DCD114}.Debug|Any CPU.Build.0 = Debug|Any CPU
		{368C09B4-5CF3-4F51-BF9A-404F69DCD114}.Release|Any CPU.ActiveCfg = Release|Any CPU
		{368C09B4-5CF3-4F51-BF9A-404F69DCD114}.Release|Any CPU.Build.0 = Release|Any CPU
	EndGlobalSection
	GlobalSection(SolutionProperties) = preSolution
		HideSolutionNode = FALSE
	EndGlobalSection
EndGlobal
